
Microsoft Visual Studio Solution File, Format Version 12.00
# Visual Studio 15
VisualStudioVersion = 15.0.27130.2010
MinimumVisualStudioVersion = 10.0.40219.1
Project("{FAE04EC0-301F-11D3-BF4B-00C04F79EFBC}") = "Numbers", "Numbers\Numbers.csproj", "{388E5CB0-DE05-4AC9-912B-44D8329974B5}"
EndProject
Global
	GlobalSection(SolutionConfigurationPlatforms) = preSolution
		Debug|Any CPU = Debug|Any CPU
		Release|Any CPU = Release|Any CPU
	EndGlobalSection
	GlobalSection(ProjectConfigurationPlatforms) = postSolution
		{388E5CB0-DE05-4AC9-912B-44D8329974B5}.Debug|Any CPU.ActiveCfg = Debug|Any CPU
		{388E5CB0-DE05-4AC9-912B-44D8329974B5}.Debug|Any CPU.Build.0 = Debug|Any CPU
		{388E5CB0-DE05-4AC9-912B-44D8329974B5}.Release|Any CPU.ActiveCfg = Release|Any CPU
		{388E5CB0-DE05-4AC9-912B-44D8329974B5}.Release|Any CPU.Build.0 = Release|Any CPU
	EndGlobalSection
	GlobalSection(SolutionProperties) = preSolution
		HideSolutionNode = FALSE
	EndGlobalSection
	GlobalSection(ExtensibilityGlobals) = postSolution
		SolutionGuid = {CFD5B330-B503-44ED-BB20-8461A6F136DE}
	EndGlobalSection
EndGlobal
