
Microsoft Visual Studio Solution File, Format Version 12.00
# Visual Studio 15
VisualStudioVersion = 15.0.27130.2010
MinimumVisualStudioVersion = 10.0.40219.1
Project("{FAE04EC0-301F-11D3-BF4B-00C04F79EFBC}") = "CustomerOrderService", "CustomerOrderService\CustomerOrderService.csproj", "{88263002-4DE4-4F61-BD10-70CCBF8D7BB5}"
EndProject
Global
	GlobalSection(SolutionConfigurationPlatforms) = preSolution
		Debug|Any CPU = Debug|Any CPU
		Release|Any CPU = Release|Any CPU
	EndGlobalSection
	GlobalSection(ProjectConfigurationPlatforms) = postSolution
		{88263002-4DE4-4F61-BD10-70CCBF8D7BB5}.Debug|Any CPU.ActiveCfg = Debug|Any CPU
		{88263002-4DE4-4F61-BD10-70CCBF8D7BB5}.Debug|Any CPU.Build.0 = Debug|Any CPU
		{88263002-4DE4-4F61-BD10-70CCBF8D7BB5}.Release|Any CPU.ActiveCfg = Release|Any CPU
		{88263002-4DE4-4F61-BD10-70CCBF8D7BB5}.Release|Any CPU.Build.0 = Release|Any CPU
	EndGlobalSection
	GlobalSection(SolutionProperties) = preSolution
		HideSolutionNode = FALSE
	EndGlobalSection
	GlobalSection(ExtensibilityGlobals) = postSolution
		SolutionGuid = {A9F1F0B3-CD83-4443-B4E1-5110C7CDEEB9}
	EndGlobalSection
EndGlobal
